{
  "name": "shared-memory-wait-notify",
  "version": "1.0.0",
  "lockfileVersion": 3,
  "requires": true,
  "packages": {
    "": {
      "name": "shared-memory-wait-notify",
      "version": "1.0.0",
      "license": "ISC",
      "dependencies": {
        "shared-memory-wait-notify": "file:"
      }
    },
    "node_modules/shared-memory-wait-notify": {
      "resolved": "",
      "link": true
    }
  }
}
